{
  "version": 4,
  "terraform_version": "1.14.0",
  "serial": 8,
  "lineage": "0f06a4a1-b63d-04c2-43e1-753a85f20cd4",
  "outputs": {
    "vm_info": {
      "value": [
        {
          "ip": "172.18.41.135",
          "name": "galaxy-private"
        }
      ],
      "type": [
        "tuple",
        [
          [
            "object",
            {
              "ip": "string",
              "name": "string"
            }
          ]
        ]
      ]
    }
  },
  "resources": [
    {
      "mode": "data",
      "type": "openstack_networking_network_v2",
      "name": "private_net",
      "provider": "provider[\"registry.terraform.io/terraform-provider-openstack/openstack\"]",
      "instances": [
        {
          "schema_version": 0,
          "attributes": {
            "admin_state_up": "true",
            "all_tags": [],
            "availability_zone_hints": [],
            "description": "",
            "dns_domain": "",
            "external": false,
            "id": "5719ee24-c376-4dbb-a773-b6bfab394854",
            "matching_subnet_cidr": null,
            "mtu": 1500,
            "name": "private_net",
            "network_id": null,
            "region": "RegionOne",
            "segments": [],
            "shared": "false",
            "status": null,
            "subnets": [
              "f0a82dd6-b77b-4e64-a400-5b512505b4ab"
            ],
            "tags": null,
            "tenant_id": "7f4c27e308d143e7b6a61b421173bdb1",
            "transparent_vlan": false
          },
          "sensitive_attributes": [],
          "identity_schema_version": 0
        }
      ]
    },
    {
      "mode": "data",
      "type": "openstack_networking_subnet_v2",
      "name": "private_subnet",
      "provider": "provider[\"registry.terraform.io/terraform-provider-openstack/openstack\"]",
      "instances": [
        {
          "schema_version": 0,
          "attributes": {
            "all_tags": [],
            "allocation_pools": [
              {
                "end": "172.18.41.254",
                "start": "172.18.41.2"
              }
            ],
            "cidr": "172.18.41.0/24",
            "description": "",
            "dhcp_disabled": null,
            "dhcp_enabled": null,
            "dns_nameservers": [],
            "enable_dhcp": true,
            "gateway_ip": "172.18.41.1",
            "host_routes": [],
            "id": "f0a82dd6-b77b-4e64-a400-5b512505b4ab",
            "ip_version": 4,
            "ipv6_address_mode": "",
            "ipv6_ra_mode": "",
            "name": "private_subnet",
            "network_id": "5719ee24-c376-4dbb-a773-b6bfab394854",
            "region": "RegionOne",
            "service_types": [],
            "subnet_id": null,
            "subnetpool_id": "",
            "tags": null,
            "tenant_id": "7f4c27e308d143e7b6a61b421173bdb1"
          },
          "sensitive_attributes": [],
          "identity_schema_version": 0
        }
      ]
    },
    {
      "mode": "managed",
      "type": "openstack_compute_instance_v2",
      "name": "galaxy_vm",
      "provider": "provider[\"registry.terraform.io/terraform-provider-openstack/openstack\"]",
      "instances": [
        {
          "schema_version": 0,
          "attributes": {
            "access_ip_v4": "172.18.41.135",
            "access_ip_v6": "",
            "admin_pass": null,
            "all_metadata": {},
            "all_tags": [],
            "availability_zone": "nova",
            "availability_zone_hints": null,
            "block_device": [],
            "config_drive": null,
            "created": "2026-01-22 08:33:43 +0000 UTC",
            "flavor_id": "89749c84-bde7-4da8-885b-7a466ac060d6",
            "flavor_name": "medium",
            "floating_ip": null,
            "force_delete": false,
            "id": "a8f6d690-33c2-4d28-80c1-e3d98aa6045c",
            "image_id": "05b9cb8e-c5ff-4231-a269-ac72711263a4",
            "image_name": "Rocky-9-GenericCloud.latest.x86_64.310525",
            "key_pair": "rcaccia_key_terraform",
            "metadata": null,
            "name": "galaxy-private",
            "network": [
              {
                "access_network": false,
                "fixed_ip_v4": "172.18.41.135",
                "fixed_ip_v6": "",
                "floating_ip": "",
                "mac": "fa:16:3e:9d:0c:45",
                "name": "private_net",
                "port": "",
                "uuid": "5719ee24-c376-4dbb-a773-b6bfab394854"
              }
            ],
            "network_mode": null,
            "personality": [],
            "power_state": "active",
            "region": "RegionOne",
            "scheduler_hints": [],
            "security_groups": [
              "default",
              "http-access",
              "ssh-internal"
            ],
            "stop_before_destroy": false,
            "tags": [],
            "timeouts": null,
            "updated": "2026-01-22 08:33:59 +0000 UTC",
            "user_data": "765d2efc6e59d687b393432e14130843ffe46767",
            "vendor_options": [],
            "volume": []
          },
          "sensitive_attributes": [
            [
              {
                "type": "get_attr",
                "value": "admin_pass"
              }
            ]
          ],
          "identity_schema_version": 0,
          "private": "eyJlMmJmYjczMC1lY2FhLTExZTYtOGY4OC0zNDM2M2JjN2M0YzAiOnsiY3JlYXRlIjoxODAwMDAwMDAwMDAwLCJkZWxldGUiOjE4MDAwMDAwMDAwMDAsInVwZGF0ZSI6MTgwMDAwMDAwMDAwMH19",
          "dependencies": [
            "data.openstack_networking_network_v2.private_net",
            "openstack_compute_keypair_v2.vm_key",
            "openstack_networking_secgroup_v2.http_access",
            "openstack_networking_secgroup_v2.ssh_internal"
          ]
        }
      ]
    },
    {
      "mode": "managed",
      "type": "openstack_compute_keypair_v2",
      "name": "vm_key",
      "provider": "provider[\"registry.terraform.io/terraform-provider-openstack/openstack\"]",
      "instances": [
        {
          "schema_version": 0,
          "attributes": {
            "fingerprint": "83:aa:f3:be:a2:2a:f0:2b:53:5b:04:2d:2e:c4:15:4b",
            "id": "rcaccia_key_terraform",
            "name": "rcaccia_key_terraform",
            "private_key": "",
            "public_key": "ssh-ed25519 AAAAC3NzaC1lZDI1NTE5AAAAINf3e34J02akCoH4Sa99w4YAQ+4ex8QsvtEiLCgABskR Riccardo Caccia",
            "region": "RegionOne",
            "user_id": "",
            "value_specs": null
          },
          "sensitive_attributes": [
            [
              {
                "type": "get_attr",
                "value": "private_key"
              }
            ]
          ],
          "identity_schema_version": 0,
          "private": "bnVsbA=="
        }
      ]
    },
    {
      "mode": "managed",
      "type": "openstack_networking_secgroup_rule_v2",
      "name": "http_in",
      "provider": "provider[\"registry.terraform.io/terraform-provider-openstack/openstack\"]",
      "instances": [
        {
          "schema_version": 0,
          "attributes": {
            "description": "",
            "direction": "ingress",
            "ethertype": "IPv4",
            "id": "a0e888e1-e892-475b-a3ad-0693168c63a1",
            "port_range_max": 80,
            "port_range_min": 80,
            "protocol": "tcp",
            "region": "RegionOne",
            "remote_group_id": "",
            "remote_ip_prefix": "172.18.41.111/32",
            "security_group_id": "42e1e512-2a45-4735-9e17-d0503d2a9036",
            "tenant_id": "7f4c27e308d143e7b6a61b421173bdb1",
            "timeouts": null
          },
          "sensitive_attributes": [],
          "identity_schema_version": 0,
          "private": "eyJlMmJmYjczMC1lY2FhLTExZTYtOGY4OC0zNDM2M2JjN2M0YzAiOnsiZGVsZXRlIjo2MDAwMDAwMDAwMDB9fQ==",
          "dependencies": [
            "openstack_networking_secgroup_v2.http_access"
          ]
        }
      ]
    },
    {
      "mode": "managed",
      "type": "openstack_networking_secgroup_rule_v2",
      "name": "ssh_from_bastion",
      "provider": "provider[\"registry.terraform.io/terraform-provider-openstack/openstack\"]",
      "instances": [
        {
          "schema_version": 0,
          "attributes": {
            "description": "",
            "direction": "ingress",
            "ethertype": "IPv4",
            "id": "59cdac87-c683-4dcc-a56f-742b7fbe390b",
            "port_range_max": 22,
            "port_range_min": 22,
            "protocol": "tcp",
            "region": "RegionOne",
            "remote_group_id": "",
            "remote_ip_prefix": "172.18.41.111/32",
            "security_group_id": "6ee81355-3dcb-4df7-89c3-30b0548e6ef7",
            "tenant_id": "7f4c27e308d143e7b6a61b421173bdb1",
            "timeouts": null
          },
          "sensitive_attributes": [],
          "identity_schema_version": 0,
          "private": "eyJlMmJmYjczMC1lY2FhLTExZTYtOGY4OC0zNDM2M2JjN2M0YzAiOnsiZGVsZXRlIjo2MDAwMDAwMDAwMDB9fQ==",
          "dependencies": [
            "openstack_networking_secgroup_v2.ssh_internal"
          ]
        }
      ]
    },
    {
      "mode": "managed",
      "type": "openstack_networking_secgroup_v2",
      "name": "http_access",
      "provider": "provider[\"registry.terraform.io/terraform-provider-openstack/openstack\"]",
      "instances": [
        {
          "schema_version": 0,
          "attributes": {
            "all_tags": [],
            "delete_default_rules": null,
            "description": "[tf] Allow HTTP traffic on port 80",
            "id": "42e1e512-2a45-4735-9e17-d0503d2a9036",
            "name": "http-access",
            "region": "RegionOne",
            "tags": [],
            "tenant_id": "7f4c27e308d143e7b6a61b421173bdb1",
            "timeouts": null
          },
          "sensitive_attributes": [],
          "identity_schema_version": 0,
          "private": "eyJlMmJmYjczMC1lY2FhLTExZTYtOGY4OC0zNDM2M2JjN2M0YzAiOnsiZGVsZXRlIjo2MDAwMDAwMDAwMDB9fQ=="
        }
      ]
    },
    {
      "mode": "managed",
      "type": "openstack_networking_secgroup_v2",
      "name": "ssh_internal",
      "provider": "provider[\"registry.terraform.io/terraform-provider-openstack/openstack\"]",
      "instances": [
        {
          "schema_version": 0,
          "attributes": {
            "all_tags": [],
            "delete_default_rules": null,
            "description": "[tf] Allow SSH from Bastion only",
            "id": "6ee81355-3dcb-4df7-89c3-30b0548e6ef7",
            "name": "ssh-internal",
            "region": "RegionOne",
            "tags": [],
            "tenant_id": "7f4c27e308d143e7b6a61b421173bdb1",
            "timeouts": null
          },
          "sensitive_attributes": [],
          "identity_schema_version": 0,
          "private": "eyJlMmJmYjczMC1lY2FhLTExZTYtOGY4OC0zNDM2M2JjN2M0YzAiOnsiZGVsZXRlIjo2MDAwMDAwMDAwMDB9fQ=="
        }
      ]
    }
  ],
  "check_results": null
}
